
Microsoft Visual Studio Solution File, Format Version 12.00
# Visual Studio Version 17
VisualStudioVersion = 17.2.32630.192
MinimumVisualStudioVersion = 10.0.40219.1
Project("{FAE04EC0-301F-11D3-BF4B-00C04F79EFBC}") = "IMDBPratik", "IMDBPratik\IMDBPratik.csproj", "{6186A97F-10E1-4BD2-A12E-985FAB731123}"
EndProject
Global
	GlobalSection(SolutionConfigurationPlatforms) = preSolution
		Debug|Any CPU = Debug|Any CPU
		Release|Any CPU = Release|Any CPU
	EndGlobalSection
	GlobalSection(ProjectConfigurationPlatforms) = postSolution
		{6186A97F-10E1-4BD2-A12E-985FAB731123}.Debug|Any CPU.ActiveCfg = Debug|Any CPU
		{6186A97F-10E1-4BD2-A12E-985FAB731123}.Debug|Any CPU.Build.0 = Debug|Any CPU
		{6186A97F-10E1-4BD2-A12E-985FAB731123}.Release|Any CPU.ActiveCfg = Release|Any CPU
		{6186A97F-10E1-4BD2-A12E-985FAB731123}.Release|Any CPU.Build.0 = Release|Any CPU
	EndGlobalSection
	GlobalSection(SolutionProperties) = preSolution
		HideSolutionNode = FALSE
	EndGlobalSection
	GlobalSection(ExtensibilityGlobals) = postSolution
		SolutionGuid = {13F033B9-5715-46EF-9218-39A4BF1A794E}
	EndGlobalSection
EndGlobal
